
Microsoft Visual Studio Solution File, Format Version 12.00
# Visual Studio Version 16
VisualStudioVersion = 16.0.30717.126
MinimumVisualStudioVersion = 10.0.40219.1
Project("{FAE04EC0-301F-11D3-BF4B-00C04F79EFBC}") = "appFolder", "appFolder.csproj", "{DAA49C0D-E106-4E52-9DDB-E085BF8457CD}"
EndProject
Global
	GlobalSection(SolutionConfigurationPlatforms) = preSolution
		Debug|Any CPU = Debug|Any CPU
		Release|Any CPU = Release|Any CPU
	EndGlobalSection
	GlobalSection(ProjectConfigurationPlatforms) = postSolution
		{DAA49C0D-E106-4E52-9DDB-E085BF8457CD}.Debug|Any CPU.ActiveCfg = Debug|Any CPU
		{DAA49C0D-E106-4E52-9DDB-E085BF8457CD}.Debug|Any CPU.Build.0 = Debug|Any CPU
		{DAA49C0D-E106-4E52-9DDB-E085BF8457CD}.Release|Any CPU.ActiveCfg = Release|Any CPU
		{DAA49C0D-E106-4E52-9DDB-E085BF8457CD}.Release|Any CPU.Build.0 = Release|Any CPU
	EndGlobalSection
	GlobalSection(SolutionProperties) = preSolution
		HideSolutionNode = FALSE
	EndGlobalSection
	GlobalSection(ExtensibilityGlobals) = postSolution
		SolutionGuid = {9FE63AC7-6CC2-4D13-B0E9-75EC40DBD426}
	EndGlobalSection
EndGlobal
